
Microsoft Visual Studio Solution File, Format Version 12.00
# Visual Studio Version 17
VisualStudioVersion = 17.10.35013.160
MinimumVisualStudioVersion = 10.0.40219.1
Project("{FAE04EC0-301F-11D3-BF4B-00C04F79EFBC}") = "CSharpOdev5", "CSharpOdev5\CSharpOdev5.csproj", "{1FA7D002-2CCD-4B8B-A046-C36277ABED95}"
EndProject
Global
	GlobalSection(SolutionConfigurationPlatforms) = preSolution
		Debug|Any CPU = Debug|Any CPU
		Release|Any CPU = Release|Any CPU
	EndGlobalSection
	GlobalSection(ProjectConfigurationPlatforms) = postSolution
		{1FA7D002-2CCD-4B8B-A046-C36277ABED95}.Debug|Any CPU.ActiveCfg = Debug|Any CPU
		{1FA7D002-2CCD-4B8B-A046-C36277ABED95}.Debug|Any CPU.Build.0 = Debug|Any CPU
		{1FA7D002-2CCD-4B8B-A046-C36277ABED95}.Release|Any CPU.ActiveCfg = Release|Any CPU
		{1FA7D002-2CCD-4B8B-A046-C36277ABED95}.Release|Any CPU.Build.0 = Release|Any CPU
	EndGlobalSection
	GlobalSection(SolutionProperties) = preSolution
		HideSolutionNode = FALSE
	EndGlobalSection
	GlobalSection(ExtensibilityGlobals) = postSolution
		SolutionGuid = {CB4186AD-4BB8-46EC-818F-560B5CE78ADA}
	EndGlobalSection
EndGlobal
